
Microsoft Visual Studio Solution File, Format Version 12.00
# Visual Studio 15
VisualStudioVersion = 15.0.27703.2042
MinimumVisualStudioVersion = 10.0.40219.1
Project("{FAE04EC0-301F-11D3-BF4B-00C04F79EFBC}") = "GearTrackerAPI", "GearTrackerAPI\GearTrackerAPI.csproj", "{A111AE7E-75B5-4C06-BC3F-B2097ED6C0A6}"
EndProject
Global
	GlobalSection(SolutionConfigurationPlatforms) = preSolution
		Debug|Any CPU = Debug|Any CPU
		Release|Any CPU = Release|Any CPU
	EndGlobalSection
	GlobalSection(ProjectConfigurationPlatforms) = postSolution
		{A111AE7E-75B5-4C06-BC3F-B2097ED6C0A6}.Debug|Any CPU.ActiveCfg = Debug|Any CPU
		{A111AE7E-75B5-4C06-BC3F-B2097ED6C0A6}.Debug|Any CPU.Build.0 = Debug|Any CPU
		{A111AE7E-75B5-4C06-BC3F-B2097ED6C0A6}.Release|Any CPU.ActiveCfg = Release|Any CPU
		{A111AE7E-75B5-4C06-BC3F-B2097ED6C0A6}.Release|Any CPU.Build.0 = Release|Any CPU
	EndGlobalSection
	GlobalSection(SolutionProperties) = preSolution
		HideSolutionNode = FALSE
	EndGlobalSection
	GlobalSection(ExtensibilityGlobals) = postSolution
		SolutionGuid = {D0067752-F97A-4FCC-B7F8-0DBE6F42063E}
	EndGlobalSection
EndGlobal
